dependencies:
- name: postgresql
  repository: https://charts.bitnami.com/bitnami
  version: 9.1.2
- name: redis
  repository: https://charts.bitnami.com/bitnami
  version: 10.7.13
digest: sha256:d01f2e17ef3247fcfcea261dd43eb1e99b8c1670e68fc155207abb32ca451c79
generated: "2020-08-06T19:02:52.98586-04:00"
